// !$*UTF8*$!
{
	archiveVersion = 1;
	classes = {
	};
	objectVersion = 46;
	objects = {

/* Begin PBXBuildFile section */
		389B37D21933CB1400CA997F /* UIColor+ColorChange.m in Sources */ = {isa = PBXBuildFile; fileRef = 389B37D11933CB1400CA997F /* UIColor+ColorChange.m */; };
		38CF516619299EC1009D294A /* Foundation.framework in Frameworks */ = {isa = PBXBuildFile; fileRef = 38CF516519299EC1009D294A /* Foundation.framework */; };
		38CF516819299EC1009D294A /* CoreGraphics.framework in Frameworks */ = {isa = PBXBuildFile; fileRef = 38CF516719299EC1009D294A /* CoreGraphics.framework */; };
		38CF516A19299EC1009D294A /* UIKit.framework in Frameworks */ = {isa = PBXBuildFile; fileRef = 38CF516919299EC1009D294A /* UIKit.framework */; };
		38CF517019299EC1009D294A /* InfoPlist.strings in Resources */ = {isa = PBXBuildFile; fileRef = 38CF516E19299EC1009D294A /* InfoPlist.strings */; };
		38CF517219299EC1009D294A /* main.m in Sources */ = {isa = PBXBuildFile; fileRef = 38CF517119299EC1009D294A /* main.m */; };
		38CF517619299EC1009D294A /* AppDelegate.m in Sources */ = {isa = PBXBuildFile; fileRef = 38CF517519299EC1009D294A /* AppDelegate.m */; };
		38CF517919299EC1009D294A /* Main.storyboard in Resources */ = {isa = PBXBuildFile; fileRef = 38CF517719299EC1009D294A /* Main.storyboard */; };
		38CF517C19299EC1009D294A /* ViewController.m in Sources */ = {isa = PBXBuildFile; fileRef = 38CF517B19299EC1009D294A /* ViewController.m */; };
		38CF517E19299EC1009D294A /* Images.xcassets in Resources */ = {isa = PBXBuildFile; fileRef = 38CF517D19299EC1009D294A /* Images.xcassets */; };
		38CF518519299EC1009D294A /* XCTest.framework in Frameworks */ = {isa = PBXBuildFile; fileRef = 38CF518419299EC1009D294A /* XCTest.framework */; };
		38CF518619299EC1009D294A /* Foundation.framework in Frameworks */ = {isa = PBXBuildFile; fileRef = 38CF516519299EC1009D294A /* Foundation.framework */; };
		38CF518719299EC1009D294A /* UIKit.framework in Frameworks */ = {isa = PBXBuildFile; fileRef = 38CF516919299EC1009D294A /* UIKit.framework */; };
		38CF518F19299EC1009D294A /* InfoPlist.strings in Resources */ = {isa = PBXBuildFile; fileRef = 38CF518D19299EC1009D294A /* InfoPlist.strings */; };
		38CF519119299EC1009D294A /* F2W3_ViewHierarchyTests.m in Sources */ = {isa = PBXBuildFile; fileRef = 38CF519019299EC1009D294A /* F2W3_ViewHierarchyTests.m */; };
		38CF519E19299F12009D294A /* BubbleView.m in Sources */ = {isa = PBXBuildFile; fileRef = 38CF519D19299F12009D294A /* BubbleView.m */; };
/* End PBXBuildFile section */

/* Begin PBXContainerItemProxy section */
		38CF518819299EC1009D294A /* PBXContainerItemProxy */ = {
			isa = PBXContainerItemProxy;
			containerPortal = 38CF515A19299EC1009D294A /* Project object */;
			proxyType = 1;
			remoteGlobalIDString = 38CF516119299EC1009D294A;
			remoteInfo = "F2W3-ViewHierarchy";
		};
/* End PBXContainerItemProxy section */

/* Begin PBXFileReference section */
		389B37D01933CB1400CA997F /* UIColor+ColorChange.h */ = {isa = PBXFileReference; fileEncoding = 4; lastKnownFileType = sourcecode.c.h; path = "UIColor+ColorChange.h"; sourceTree = "<group>"; };
		389B37D11933CB1400CA997F /* UIColor+ColorChange.m */ = {isa = PBXFileReference; fileEncoding = 4; lastKnownFileType = sourcecode.c.objc; path = "UIColor+ColorChange.m"; sourceTree = "<group>"; };
		38CF516219299EC1009D294A /* F2W3-ViewHierarchy.app */ = {isa = PBXFileReference; explicitFileType = wrapper.application; includeInIndex = 0; path = "F2W3-ViewHierarchy.app"; sourceTree = BUILT_PRODUCTS_DIR; };
		38CF516519299EC1009D294A /* Foundation.framework */ = {isa = PBXFileReference; lastKnownFileType = wrapper.framework; name = Foundation.framework; path = System/Library/Frameworks/Foundation.framework; sourceTree = SDKROOT; };
		38CF516719299EC1009D294A /* CoreGraphics.framework */ = {isa = PBXFileReference; lastKnownFileType = wrapper.framework; name = CoreGraphics.framework; path = System/Library/Frameworks/CoreGraphics.framework; sourceTree = SDKROOT; };
		38CF516919299EC1009D294A /* UIKit.framework */ = {isa = PBXFileReference; lastKnownFileType = wrapper.framework; name = UIKit.framework; path = System/Library/Frameworks/UIKit.framework; sourceTree = SDKROOT; };
		38CF516D19299EC1009D294A /* F2W3-ViewHierarchy-Info.plist */ = {isa = PBXFileReference; lastKnownFileType = text.plist.xml; path = "F2W3-ViewHierarchy-Info.plist"; sourceTree = "<group>"; };
		38CF516F19299EC1009D294A /* en */ = {isa = PBXFileReference; lastKnownFileType = text.plist.strings; name = en; path = en.lproj/InfoPlist.strings; sourceTree = "<group>"; };
		38CF517119299EC1009D294A /* main.m */ = {isa = PBXFileReference; lastKnownFileType = sourcecode.c.objc; path = main.m; sourceTree = "<group>"; };
		38CF517319299EC1009D294A /* F2W3-ViewHierarchy-Prefix.pch */ = {isa = PBXFileReference; lastKnownFileType = sourcecode.c.h; path = "F2W3-ViewHierarchy-Prefix.pch"; sourceTree = "<group>"; };
		38CF517419299EC1009D294A /* AppDelegate.h */ = {isa = PBXFileReference; lastKnownFileType = sourcecode.c.h; path = AppDelegate.h; sourceTree = "<group>"; };
		38CF517519299EC1009D294A /* AppDelegate.m */ = {isa = PBXFileReference; lastKnownFileType = sourcecode.c.objc; path = AppDelegate.m; sourceTree = "<group>"; };
		38CF517819299EC1009D294A /* Base */ = {isa = PBXFileReference; lastKnownFileType = file.storyboard; name = Base; path = Base.lproj/Main.storyboard; sourceTree = "<group>"; };
		38CF517A19299EC1009D294A /* ViewController.h */ = {isa = PBXFileReference; lastKnownFileType = sourcecode.c.h; path = ViewController.h; sourceTree = "<group>"; };
		38CF517B19299EC1009D294A /* ViewController.m */ = {isa = PBXFileReference; lastKnownFileType = sourcecode.c.objc; path = ViewController.m; sourceTree = "<group>"; };
		38CF517D19299EC1009D294A /* Images.xcassets */ = {isa = PBXFileReference; lastKnownFileType = folder.assetcatalog; path = Images.xcassets; sourceTree = "<group>"; };
		38CF518319299EC1009D294A /* F2W3-ViewHierarchyTests.xctest */ = {isa = PBXFileReference; explicitFileType = wrapper.cfbundle; includeInIndex = 0; path = "F2W3-ViewHierarchyTests.xctest"; sourceTree = BUILT_PRODUCTS_DIR; };
		38CF518419299EC1009D294A /* XCTest.framework */ = {isa = PBXFileReference; lastKnownFileType = wrapper.framework; name = XCTest.framework; path = Library/Frameworks/XCTest.framework; sourceTree = DEVELOPER_DIR; };
		38CF518C19299EC1009D294A /* F2W3-ViewHierarchyTests-Info.plist */ = {isa = PBXFileReference; lastKnownFileType = text.plist.xml; path = "F2W3-ViewHierarchyTests-Info.plist"; sourceTree = "<group>"; };
		38CF518E19299EC1009D294A /* en */ = {isa = PBXFileReference; lastKnownFileType = text.plist.strings; name = en; path = en.lproj/InfoPlist.strings; sourceTree = "<group>"; };
		38CF519019299EC1009D294A /* F2W3_ViewHierarchyTests.m */ = {isa = PBXFileReference; lastKnownFileType = sourcecode.c.objc; path = F2W3_ViewHierarchyTests.m; sourceTree = "<group>"; };
		38CF519C19299F12009D294A /* BubbleView.h */ = {isa = PBXFileReference; fileEncoding = 4; lastKnownFileType = sourcecode.c.h; path = BubbleView.h; sourceTree = "<group>"; };
		38CF519D19299F12009D294A /* BubbleView.m */ = {isa = PBXFileReference; fileEncoding = 4; lastKnownFileType = sourcecode.c.objc; path = BubbleView.m; sourceTree = "<group>"; };
/* End PBXFileReference section */

/* Begin PBXFrameworksBuildPhase section */
		38CF515F19299EC1009D294A /* Frameworks */ = {
			isa = PBXFrameworksBuildPhase;
			buildActionMask = 2147483647;
			files = (
				38CF516819299EC1009D294A /* CoreGraphics.framework in Frameworks */,
				38CF516A19299EC1009D294A /* UIKit.framework in Frameworks */,
				38CF516619299EC1009D294A /* Foundation.framework in Frameworks */,
			);
			runOnlyForDeploymentPostprocessing = 0;
		};
		38CF518019299EC1009D294A /* Frameworks */ = {
			isa = PBXFrameworksBuildPhase;
			buildActionMask = 2147483647;
			files = (
				38CF518519299EC1009D294A /* XCTest.framework in Frameworks */,
				38CF518719299EC1009D294A /* UIKit.framework in Frameworks */,
				38CF518619299EC1009D294A /* Foundation.framework in Frameworks */,
			);
			runOnlyForDeploymentPostprocessing = 0;
		};
/* End PBXFrameworksBuildPhase section */

/* Begin PBXGroup section */
		38CB2C881930103600122D66 /* Model */ = {
			isa = PBXGroup;
			children = (
				38CF519C19299F12009D294A /* BubbleView.h */,
				38CF519D19299F12009D294A /* BubbleView.m */,
			);
			name = Model;
			sourceTree = "<group>";
		};
		38CF515919299EC1009D294A = {
			isa = PBXGroup;
			children = (
				38CF516B19299EC1009D294A /* F2W3-ViewHierarchy */,
				38CF518A19299EC1009D294A /* F2W3-ViewHierarchyTests */,
				38CF516419299EC1009D294A /* Frameworks */,
				38CF516319299EC1009D294A /* Products */,
			);
			sourceTree = "<group>";
		};
		38CF516319299EC1009D294A /* Products */ = {
			isa = PBXGroup;
			children = (
				38CF516219299EC1009D294A /* F2W3-ViewHierarchy.app */,
				38CF518319299EC1009D294A /* F2W3-ViewHierarchyTests.xctest */,
			);
			name = Products;
			sourceTree = "<group>";
		};
		38CF516419299EC1009D294A /* Frameworks */ = {
			isa = PBXGroup;
			children = (
				38CF516519299EC1009D294A /* Foundation.framework */,
				38CF516719299EC1009D294A /* CoreGraphics.framework */,
				38CF516919299EC1009D294A /* UIKit.framework */,
				38CF518419299EC1009D294A /* XCTest.framework */,
			);
			name = Frameworks;
			sourceTree = "<group>";
		};
		38CF516B19299EC1009D294A /* F2W3-ViewHierarchy */ = {
			isa = PBXGroup;
			children = (
				38CF517419299EC1009D294A /* AppDelegate.h */,
				38CF517519299EC1009D294A /* AppDelegate.m */,
				38CB2C881930103600122D66 /* Model */,
				38CF519A19299EE2009D294A /* View */,
				38CF519B19299EF3009D294A /* Controller */,
				38CF517D19299EC1009D294A /* Images.xcassets */,
				389B37D01933CB1400CA997F /* UIColor+ColorChange.h */,
				389B37D11933CB1400CA997F /* UIColor+ColorChange.m */,
				38CF516C19299EC1009D294A /* Supporting Files */,
			);
			path = "F2W3-ViewHierarchy";
			sourceTree = "<group>";
		};
		38CF516C19299EC1009D294A /* Supporting Files */ = {
			isa = PBXGroup;
			children = (
				38CF516D19299EC1009D294A /* F2W3-ViewHierarchy-Info.plist */,
				38CF516E19299EC1009D294A /* InfoPlist.strings */,
				38CF517119299EC1009D294A /* main.m */,
				38CF517319299EC1009D294A /* F2W3-ViewHierarchy-Prefix.pch */,
			);
			name = "Supporting Files";
			sourceTree = "<group>";
		};
		38CF518A19299EC1009D294A /* F2W3-ViewHierarchyTests */ = {
			isa = PBXGroup;
			children = (
				38CF519019299EC1009D294A /* F2W3_ViewHierarchyTests.m */,
				38CF518B19299EC1009D294A /* Supporting Files */,
			);
			path = "F2W3-ViewHierarchyTests";
			sourceTree = "<group>";
		};
		38CF518B19299EC1009D294A /* Supporting Files */ = {
			isa = PBXGroup;
			children = (
				38CF518C19299EC1009D294A /* F2W3-ViewHierarchyTests-Info.plist */,
				38CF518D19299EC1009D294A /* InfoPlist.strings */,
			);
			name = "Supporting Files";
			sourceTree = "<group>";
		};
		38CF519A19299EE2009D294A /* View */ = {
			isa = PBXGroup;
			children = (
				38CF517719299EC1009D294A /* Main.storyboard */,
			);
			name = View;
			sourceTree = "<group>";
		};
		38CF519B19299EF3009D294A /* Controller */ = {
			isa = PBXGroup;
			children = (
				38CF517A19299EC1009D294A /* ViewController.h */,
				38CF517B19299EC1009D294A /* ViewController.m */,
			);
			name = Controller;
			sourceTree = "<group>";
		};
/* End PBXGroup section */

/* Begin PBXNativeTarget section */
		38CF516119299EC1009D294A /* F2W3-ViewHierarchy */ = {
			isa = PBXNativeTarget;
			buildConfigurationList = 38CF519419299EC1009D294A /* Build configuration list for PBXNativeTarget "F2W3-ViewHierarchy" */;
			buildPhases = (
				38CF515E19299EC1009D294A /* Sources */,
				38CF515F19299EC1009D294A /* Frameworks */,
				38CF516019299EC1009D294A /* Resources */,
			);
			buildRules = (
			);
			dependencies = (
			);
			name = "F2W3-ViewHierarchy";
			productName = "F2W3-ViewHierarchy";
			productReference = 38CF516219299EC1009D294A /* F2W3-ViewHierarchy.app */;
			productType = "com.apple.product-type.application";
		};
		38CF518219299EC1009D294A /* F2W3-ViewHierarchyTests */ = {
			isa = PBXNativeTarget;
			buildConfigurationList = 38CF519719299EC1009D294A /* Build configuration list for PBXNativeTarget "F2W3-ViewHierarchyTests" */;
			buildPhases = (
				38CF517F19299EC1009D294A /* Sources */,
				38CF518019299EC1009D294A /* Frameworks */,
				38CF518119299EC1009D294A /* Resources */,
			);
			buildRules = (
			);
			dependencies = (
				38CF518919299EC1009D294A /* PBXTargetDependency */,
			);
			name = "F2W3-ViewHierarchyTests";
			productName = "F2W3-ViewHierarchyTests";
			productReference = 38CF518319299EC1009D294A /* F2W3-ViewHierarchyTests.xctest */;
			productType = "com.apple.product-type.bundle.unit-test";
		};
/* End PBXNativeTarget section */

/* Begin PBXProject section */
		38CF515A19299EC1009D294A /* Project object */ = {
			isa = PBXProject;
			attributes = {
				LastUpgradeCheck = 0510;
				ORGANIZATIONNAME = "Leonardo Lee";
				TargetAttributes = {
					38CF518219299EC1009D294A = {
						TestTargetID = 38CF516119299EC1009D294A;
					};
				};
			};
			buildConfigurationList = 38CF515D19299EC1009D294A /* Build configuration list for PBXProject "F2W3-ViewHierarchy" */;
			compatibilityVersion = "Xcode 3.2";
			developmentRegion = English;
			hasScannedForEncodings = 0;
			knownRegions = (
				en,
				Base,
			);
			mainGroup = 38CF515919299EC1009D294A;
			productRefGroup = 38CF516319299EC1009D294A /* Products */;
			projectDirPath = "";
			projectRoot = "";
			targets = (
				38CF516119299EC1009D294A /* F2W3-ViewHierarchy */,
				38CF518219299EC1009D294A /* F2W3-ViewHierarchyTests */,
			);
		};
/* End PBXProject section */

/* Begin PBXResourcesBuildPhase section */
		38CF516019299EC1009D294A /* Resources */ = {
			isa = PBXResourcesBuildPhase;
			buildActionMask = 2147483647;
			files = (
				38CF517E19299EC1009D294A /* Images.xcassets in Resources */,
				38CF517019299EC1009D294A /* InfoPlist.strings in Resources */,
				38CF517919299EC1009D294A /* Main.storyboard in Resources */,
			);
			runOnlyForDeploymentPostprocessing = 0;
		};
		38CF518119299EC1009D294A /* Resources */ = {
			isa = PBXResourcesBuildPhase;
			buildActionMask = 2147483647;
			files = (
				38CF518F19299EC1009D294A /* InfoPlist.strings in Resources */,
			);
			runOnlyForDeploymentPostprocessing = 0;
		};
/* End PBXResourcesBuildPhase section */

/* Begin PBXSourcesBuildPhase section */
		38CF515E19299EC1009D294A /* Sources */ = {
			isa = PBXSourcesBuildPhase;
			buildActionMask = 2147483647;
			files = (
				38CF517C19299EC1009D294A /* ViewController.m in Sources */,
				389B37D21933CB1400CA997F /* UIColor+ColorChange.m in Sources */,
				38CF517619299EC1009D294A /* AppDelegate.m in Sources */,
				38CF519E19299F12009D294A /* BubbleView.m in Sources */,
				38CF517219299EC1009D294A /* main.m in Sources */,
			);
			runOnlyForDeploymentPostprocessing = 0;
		};
		38CF517F19299EC1009D294A /* Sources */ = {
			isa = PBXSourcesBuildPhase;
			buildActionMask = 2147483647;
			files = (
				38CF519119299EC1009D294A /* F2W3_ViewHierarchyTests.m in Sources */,
			);
			runOnlyForDeploymentPostprocessing = 0;
		};
/* End PBXSourcesBuildPhase section */

/* Begin PBXTargetDependency section */
		38CF518919299EC1009D294A /* PBXTargetDependency */ = {
			isa = PBXTargetDependency;
			target = 38CF516119299EC1009D294A /* F2W3-ViewHierarchy */;
			targetProxy = 38CF518819299EC1009D294A /* PBXContainerItemProxy */;
		};
/* End PBXTargetDependency section */

/* Begin PBXVariantGroup section */
		38CF516E19299EC1009D294A /* InfoPlist.strings */ = {
			isa = PBXVariantGroup;
			children = (
				38CF516F19299EC1009D294A /* en */,
			);
			name = InfoPlist.strings;
			sourceTree = "<group>";
		};
		38CF517719299EC1009D294A /* Main.storyboard */ = {
			isa = PBXVariantGroup;
			children = (
				38CF517819299EC1009D294A /* Base */,
			);
			name = Main.storyboard;
			sourceTree = "<group>";
		};
		38CF518D19299EC1009D294A /* InfoPlist.strings */ = {
			isa = PBXVariantGroup;
			children = (
				38CF518E19299EC1009D294A /* en */,
			);
			name = InfoPlist.strings;
			sourceTree = "<group>";
		};
/* End PBXVariantGroup section */

/* Begin XCBuildConfiguration section */
		38CF519219299EC1009D294A /* Debug */ = {
			isa = XCBuildConfiguration;
			buildSettings = {
				ALWAYS_SEARCH_USER_PATHS = NO;
				CLANG_CXX_LANGUAGE_STANDARD = "gnu++0x";
				CLANG_CXX_LIBRARY = "libc++";
				CLANG_ENABLE_MODULES = YES;
				CLANG_ENABLE_OBJC_ARC = YES;
				CLANG_WARN_BOOL_CONVERSION = YES;
				CLANG_WARN_CONSTANT_CONVERSION = YES;
				CLANG_WARN_DIRECT_OBJC_ISA_USAGE = YES_ERROR;
				CLANG_WARN_EMPTY_BODY = YES;
				CLANG_WARN_ENUM_CONVERSION = YES;
				CLANG_WARN_INT_CONVERSION = YES;
				CLANG_WARN_OBJC_ROOT_CLASS = YES_ERROR;
				CLANG_WARN__DUPLICATE_METHOD_MATCH = YES;
				"CODE_SIGN_IDENTITY[sdk=iphoneos*]" = "iPhone Developer";
				COPY_PHASE_STRIP = NO;
				GCC_C_LANGUAGE_STANDARD = gnu99;
				GCC_DYNAMIC_NO_PIC = NO;
				GCC_OPTIMIZATION_LEVEL = 0;
				GCC_PREPROCESSOR_DEFINITIONS = (
					"DEBUG=1",
					"$(inherited)",
				);
				GCC_SYMBOLS_PRIVATE_EXTERN = NO;
				GCC_WARN_64_TO_32_BIT_CONVERSION = YES;
				GCC_WARN_ABOUT_RETURN_TYPE = YES_ERROR;
				GCC_WARN_UNDECLARED_SELECTOR = YES;
				GCC_WARN_UNINITIALIZED_AUTOS = YES_AGGRESSIVE;
				GCC_WARN_UNUSED_FUNCTION = YES;
				GCC_WARN_UNUSED_VARIABLE = YES;
				IPHONEOS_DEPLOYMENT_TARGET = 7.1;
				ONLY_ACTIVE_ARCH = YES;
				SDKROOT = iphoneos;
			};
			name = Debug;
		};
		38CF519319299EC1009D294A /* Release */ = {
			isa = XCBuildConfiguration;
			buildSettings = {
				ALWAYS_SEARCH_USER_PATHS = NO;
				CLANG_CXX_LANGUAGE_STANDARD = "gnu++0x";
				CLANG_CXX_LIBRARY = "libc++";
				CLANG_ENABLE_MODULES = YES;
				CLANG_ENABLE_OBJC_ARC = YES;
				CLANG_WARN_BOOL_CONVERSION = YES;
				CLANG_WARN_CONSTANT_CONVERSION = YES;
				CLANG_WARN_DIRECT_OBJC_ISA_USAGE = YES_ERROR;
				CLANG_WARN_EMPTY_BODY = YES;
				CLANG_WARN_ENUM_CONVERSION = YES;
				CLANG_WARN_INT_CONVERSION = YES;
				CLANG_WARN_OBJC_ROOT_CLASS = YES_ERROR;
				CLANG_WARN__DUPLICATE_METHOD_MATCH = YES;
				"CODE_SIGN_IDENTITY[sdk=iphoneos*]" = "iPhone Developer";
				COPY_PHASE_STRIP = YES;
				ENABLE_NS_ASSERTIONS = NO;
				GCC_C_LANGUAGE_STANDARD = gnu99;
				GCC_WARN_64_TO_32_BIT_CONVERSION = YES;
				GCC_WARN_ABOUT_RETURN_TYPE = YES_ERROR;
				GCC_WARN_UNDECLARED_SELECTOR = YES;
				GCC_WARN_UNINITIALIZED_AUTOS = YES_AGGRESSIVE;
				GCC_WARN_UNUSED_FUNCTION = YES;
				GCC_WARN_UNUSED_VARIABLE = YES;
				IPHONEOS_DEPLOYMENT_TARGET = 7.1;
				SDKROOT = iphoneos;
				VALIDATE_PRODUCT = YES;
			};
			name = Release;
		};
		38CF519519299EC1009D294A /* Debug */ = {
			isa = XCBuildConfiguration;
			buildSettings = {
				ASSETCATALOG_COMPILER_APPICON_NAME = AppIcon;
				ASSETCATALOG_COMPILER_LAUNCHIMAGE_NAME = LaunchImage;
				GCC_PRECOMPILE_PREFIX_HEADER = YES;
				GCC_PREFIX_HEADER = "F2W3-ViewHierarchy/F2W3-ViewHierarchy-Prefix.pch";
				INFOPLIST_FILE = "F2W3-ViewHierarchy/F2W3-ViewHierarchy-Info.plist";
				PRODUCT_NAME = "$(TARGET_NAME)";
				WRAPPER_EXTENSION = app;
			};
			name = Debug;
		};
		38CF519619299EC1009D294A /* Release */ = {
			isa = XCBuildConfiguration;
			buildSettings = {
				ASSETCATALOG_COMPILER_APPICON_NAME = AppIcon;
				ASSETCATALOG_COMPILER_LAUNCHIMAGE_NAME = LaunchImage;
				GCC_PRECOMPILE_PREFIX_HEADER = YES;
				GCC_PREFIX_HEADER = "F2W3-ViewHierarchy/F2W3-ViewHierarchy-Prefix.pch";
				INFOPLIST_FILE = "F2W3-ViewHierarchy/F2W3-ViewHierarchy-Info.plist";
				PRODUCT_NAME = "$(TARGET_NAME)";
				WRAPPER_EXTENSION = app;
			};
			name = Release;
		};
		38CF519819299EC1009D294A /* Debug */ = {
			isa = XCBuildConfiguration;
			buildSettings = {
				BUNDLE_LOADER = "$(BUILT_PRODUCTS_DIR)/F2W3-ViewHierarchy.app/F2W3-ViewHierarchy";
				FRAMEWORK_SEARCH_PATHS = (
					"$(SDKROOT)/Developer/Library/Frameworks",
					"$(inherited)",
					"$(DEVELOPER_FRAMEWORKS_DIR)",
				);
				GCC_PRECOMPILE_PREFIX_HEADER = YES;
				GCC_PREFIX_HEADER = "F2W3-ViewHierarchy/F2W3-ViewHierarchy-Prefix.pch";
				GCC_PREPROCESSOR_DEFINITIONS = (
					"DEBUG=1",
					"$(inherited)",
				);
				INFOPLIST_FILE = "F2W3-ViewHierarchyTests/F2W3-ViewHierarchyTests-Info.plist";
				PRODUCT_NAME = "$(TARGET_NAME)";
				TEST_HOST = "$(BUNDLE_LOADER)";
				WRAPPER_EXTENSION = xctest;
			};
			name = Debug;
		};
		38CF519919299EC1009D294A /* Release */ = {
			isa = XCBuildConfiguration;
			buildSettings = {
				BUNDLE_LOADER = "$(BUILT_PRODUCTS_DIR)/F2W3-ViewHierarchy.app/F2W3-ViewHierarchy";
				FRAMEWORK_SEARCH_PATHS = (
					"$(SDKROOT)/Developer/Library/Frameworks",
					"$(inherited)",
					"$(DEVELOPER_FRAMEWORKS_DIR)",
				);
				GCC_PRECOMPILE_PREFIX_HEADER = YES;
				GCC_PREFIX_HEADER = "F2W3-ViewHierarchy/F2W3-ViewHierarchy-Prefix.pch";
				INFOPLIST_FILE = "F2W3-ViewHierarchyTests/F2W3-ViewHierarchyTests-Info.plist";
				PRODUCT_NAME = "$(TARGET_NAME)";
				TEST_HOST = "$(BUNDLE_LOADER)";
				WRAPPER_EXTENSION = xctest;
			};
			name = Release;
		};
/* End XCBuildConfiguration section */

/* Begin XCConfigurationList section */
		38CF515D19299EC1009D294A /* Build configuration list for PBXProject "F2W3-ViewHierarchy" */ = {
			isa = XCConfigurationList;
			buildConfigurations = (
				38CF519219299EC1009D294A /* Debug */,
				38CF519319299EC1009D294A /* Release */,
			);
			defaultConfigurationIsVisible = 0;
			defaultConfigurationName = Release;
		};
		38CF519419299EC1009D294A /* Build configuration list for PBXNativeTarget "F2W3-ViewHierarchy" */ = {
			isa = XCConfigurationList;
			buildConfigurations = (
				38CF519519299EC1009D294A /* Debug */,
				38CF519619299EC1009D294A /* Release */,
			);
			defaultConfigurationIsVisible = 0;
			defaultConfigurationName = Release;
		};
		38CF519719299EC1009D294A /* Build configuration list for PBXNativeTarget "F2W3-ViewHierarchyTests" */ = {
			isa = XCConfigurationList;
			buildConfigurations = (
				38CF519819299EC1009D294A /* Debug */,
				38CF519919299EC1009D294A /* Release */,
			);
			defaultConfigurationIsVisible = 0;
			defaultConfigurationName = Release;
		};
/* End XCConfigurationList section */
	};
	rootObject = 38CF515A19299EC1009D294A /* Project object */;
}
